version = 1
revision = 3
requires-python = ">=3.12"

[[package]]
name = "asgiref"
version = "3.11.1"
source = { registry = "https://pypi.org/simple" }
sdist = { url = "https://files.pythonhosted.org/packages/63/40/f03da1264ae8f7cfdbf9146542e5e7e8100a4c66ab48e791df9a03d3f6c0/asgiref-3.11.1.tar.gz", hash = "sha256:5f184dc43b7e763efe848065441eac62229c9f7b0475f41f80e207a114eda4ce", size = 38550, upload-time = "2026-02-03T13:30:14.33Z" }
wheels = [
    { url = "https://files.pythonhosted.org/packages/5c/0a/a72d10ed65068e115044937873362e6e32fab1b7dce0046aeb224682c989/asgiref-3.11.1-py3-none-any.whl", hash = "sha256:e8667a091e69529631969fd45dc268fa79b99c92c5fcdda727757e52146ec133", size = 24345, upload-time = "2026-02-03T13:30:13.039Z" },
]

[[package]]
name = "coverage"
version = "7.6.10"
source = { registry = "https://pypi.org/simple" }
sdist = { url = "https://files.pythonhosted.org/packages/84/ba/ac14d281f80aab516275012e8875991bb06203957aa1e19950139238d658/coverage-7.6.10.tar.gz", hash = "sha256:7fb105327c8f8f0682e29843e2ff96af9dcbe5bab8eeb4b398c6a33a16d80a23", size = 803868, upload-time = "2024-12-26T16:59:18.734Z" }
wheels = [
    { url = "https://files.pythonhosted.org/packages/86/77/19d09ea06f92fdf0487499283b1b7af06bc422ea94534c8fe3a4cd023641/coverage-7.6.10-cp312-cp312-macosx_10_13_x86_64.whl", hash = "sha256:27c6e64726b307782fa5cbe531e7647aee385a29b2107cd87ba7c0105a5d3853", size = 208281, upload-time = "2024-12-26T16:57:42.968Z" },
    { url = "https://files.pythonhosted.org/packages/b6/67/5479b9f2f99fcfb49c0d5cf61912a5255ef80b6e80a3cddba39c38146cf4/coverage-7.6.10-cp312-cp312-macosx_11_0_arm64.whl", hash = "sha256:c56e097019e72c373bae32d946ecf9858fda841e48d82df7e81c63ac25554078", size = 208514, upload-time = "2024-12-26T16:57:45.747Z" },
    { url = "https://files.pythonhosted.org/packages/15/d1/febf59030ce1c83b7331c3546d7317e5120c5966471727aa7ac157729c4b/coverage-7.6.10-cp312-cp312-manylinux_2_17_aarch64.manylinux2014_aarch64.whl", hash = "sha256:c7827a5bc7bdb197b9e066cdf650b2887597ad124dd99777332776f7b7c7d0d0", size = 241537, upload-time = "2024-12-26T16:57:48.647Z" },
    { url = "https://files.pythonhosted.org/packages/4b/7e/5ac4c90192130e7cf8b63153fe620c8bfd9068f89a6d9b5f26f1550f7a26/coverage-7.6.10-cp312-cp312-manylinux_2_5_i686.manylinux1_i686.manylinux_2_17_i686.manylinux2014_i686.whl", hash = "sha256:204a8238afe787323a8b47d8be4df89772d5c1e4651b9ffa808552bdf20e1d50", size = 238572, upload-time = "2024-12-26T16:57:51.668Z" },
    { url = "https://files.pythonhosted.org/packages/dc/03/0334a79b26ecf59958f2fe9dd1f5ab3e2f88db876f5071933de39af09647/coverage-7.6.10-cp312-cp312-manylinux_2_5_x86_64.manylinux1_x86_64.manylinux_2_17_x86_64.manylinux2014_x86_64.whl", hash = "sha256:e67926f51821b8e9deb6426ff3164870976fe414d033ad90ea75e7ed0c2e5022", size = 240639, upload-time = "2024-12-26T16:57:53.175Z" },
    { url = "https://files.pythonhosted.org/packages/d7/45/8a707f23c202208d7b286d78ad6233f50dcf929319b664b6cc18a03c1aae/coverage-7.6.10-cp312-cp312-musllinux_1_2_aarch64.whl", hash = "sha256:e78b270eadb5702938c3dbe9367f878249b5ef9a2fcc5360ac7bff694310d17b", size = 240072, upload-time = "2024-12-26T16:57:56.087Z" },
    { url = "https://files.pythonhosted.org/packages/66/02/603ce0ac2d02bc7b393279ef618940b4a0535b0868ee791140bda9ecfa40/coverage-7.6.10-cp312-cp312-musllinux_1_2_i686.whl", hash = "sha256:714f942b9c15c3a7a5fe6876ce30af831c2ad4ce902410b7466b662358c852c0", size = 238386, upload-time = "2024-12-26T16:57:57.572Z" },
    { url = "https://files.pythonhosted.org/packages/04/62/4e6887e9be060f5d18f1dd58c2838b2d9646faf353232dec4e2d4b1c8644/coverage-7.6.10-cp312-cp312-musllinux_1_2_x86_64.whl", hash = "sha256:abb02e2f5a3187b2ac4cd46b8ced85a0858230b577ccb2c62c81482ca7d18852", size = 240054, upload-time = "2024-12-26T16:57:58.967Z" },
    { url = "https://files.pythonhosted.org/packages/5c/74/83ae4151c170d8bd071924f212add22a0e62a7fe2b149edf016aeecad17c/coverage-7.6.10-cp312-cp312-win32.whl", hash = "sha256:55b201b97286cf61f5e76063f9e2a1d8d2972fc2fcfd2c1272530172fd28c359", size = 210904, upload-time = "2024-12-26T16:58:00.688Z" },
    { url = "https://files.pythonhosted.org/packages/c3/54/de0893186a221478f5880283119fc40483bc460b27c4c71d1b8bba3474b9/coverage-7.6.10-cp312-cp312-win_amd64.whl", hash = "sha256:e4ae5ac5e0d1e4edfc9b4b57b4cbecd5bc266a6915c500f358817a8496739247", size = 211692, upload-time = "2024-12-26T16:58:02.35Z" },
    { url = "https://files.pythonhosted.org/packages/25/6d/31883d78865529257bf847df5789e2ae80e99de8a460c3453dbfbe0db069/coverage-7.6.10-cp313-cp313-macosx_10_13_x86_64.whl", hash = "sha256:05fca8ba6a87aabdd2d30d0b6c838b50510b56cdcfc604d40760dae7153b73d9", size = 208308, upload-time = "2024-12-26T16:58:04.487Z" },
    { url = "https://files.pythonhosted.org/packages/70/22/3f2b129cc08de00c83b0ad6252e034320946abfc3e4235c009e57cfeee05/coverage-7.6.10-cp313-cp313-macosx_11_0_arm64.whl", hash = "sha256:9e80eba8801c386f72e0712a0453431259c45c3249f0009aff537a517b52942b", size = 208565, upload-time = "2024-12-26T16:58:06.774Z" },
    { url = "https://files.pythonhosted.org/packages/97/0a/d89bc2d1cc61d3a8dfe9e9d75217b2be85f6c73ebf1b9e3c2f4e797f4531/coverage-7.6.10-cp313-cp313-manylinux_2_17_aarch64.manylinux2014_aarch64.whl", hash = "sha256:a372c89c939d57abe09e08c0578c1d212e7a678135d53aa16eec4430adc5e690", size = 241083, upload-time = "2024-12-26T16:58:10.27Z" },
    { url = "https://files.pythonhosted.org/packages/4c/81/6d64b88a00c7a7aaed3a657b8eaa0931f37a6395fcef61e53ff742b49c97/coverage-7.6.10-cp313-cp313-manylinux_2_5_i686.manylinux1_i686.manylinux_2_17_i686.manylinux2014_i686.whl", hash = "sha256:ec22b5e7fe7a0fa8509181c4aac1db48f3dd4d3a566131b313d1efc102892c18", size = 238235, upload-time = "2024-12-26T16:58:12.497Z" },
    { url = "https://files.pythonhosted.org/packages/9a/0b/7797d4193f5adb4b837207ed87fecf5fc38f7cc612b369a8e8e12d9fa114/coverage-7.6.10-cp313-cp313-manylinux_2_5_x86_64.manylinux1_x86_64.manylinux_2_17_x86_64.manylinux2014_x86_64.whl", hash = "sha256:26bcf5c4df41cad1b19c84af71c22cbc9ea9a547fc973f1f2cc9a290002c8b3c", size = 240220, upload-time = "2024-12-26T16:58:15.619Z" },
    { url = "https://files.pythonhosted.org/packages/65/4d/6f83ca1bddcf8e51bf8ff71572f39a1c73c34cf50e752a952c34f24d0a60/coverage-7.6.10-cp313-cp313-musllinux_1_2_aarch64.whl", hash = "sha256:4e4630c26b6084c9b3cb53b15bd488f30ceb50b73c35c5ad7871b869cb7365fd", size = 239847, upload-time = "2024-12-26T16:58:17.126Z" },
    { url = "https://files.pythonhosted.org/packages/30/9d/2470df6aa146aff4c65fee0f87f58d2164a67533c771c9cc12ffcdb865d5/coverage-7.6.10-cp313-cp313-musllinux_1_2_i686.whl", hash = "sha256:2396e8116db77789f819d2bc8a7e200232b7a282c66e0ae2d2cd84581a89757e", size = 237922, upload-time = "2024-12-26T16:58:20.198Z" },
    { url = "https://files.pythonhosted.org/packages/08/dd/723fef5d901e6a89f2507094db66c091449c8ba03272861eaefa773ad95c/coverage-7.6.10-cp313-cp313-musllinux_1_2_x86_64.whl", hash = "sha256:79109c70cc0882e4d2d002fe69a24aa504dec0cc17169b3c7f41a1d341a73694", size = 239783, upload-time = "2024-12-26T16:58:23.614Z" },
    { url = "https://files.pythonhosted.org/packages/3d/f7/64d3298b2baf261cb35466000628706ce20a82d42faf9b771af447cd2b76/coverage-7.6.10-cp313-cp313-win32.whl", hash = "sha256:9e1747bab246d6ff2c4f28b4d186b205adced9f7bd9dc362051cc37c4a0c7bd6", size = 210965, upload-time = "2024-12-26T16:58:26.765Z" },
    { url = "https://files.pythonhosted.org/packages/d5/58/ec43499a7fc681212fe7742fe90b2bc361cdb72e3181ace1604247a5b24d/coverage-7.6.10-cp313-cp313-win_amd64.whl", hash = "sha256:254f1a3b1eef5f7ed23ef265eaa89c65c8c5b6b257327c149db1ca9d4a35f25e", size = 211719, upload-time = "2024-12-26T16:58:28.781Z" },
    { url = "https://files.pythonhosted.org/packages/ab/c9/f2857a135bcff4330c1e90e7d03446b036b2363d4ad37eb5e3a47bbac8a6/coverage-7.6.10-cp313-cp313t-macosx_10_13_x86_64.whl", hash = "sha256:2ccf240eb719789cedbb9fd1338055de2761088202a9a0b73032857e53f612fe", size = 209050, upload-time = "2024-12-26T16:58:31.616Z" },
    { url = "https://files.pythonhosted.org/packages/aa/b3/f840e5bd777d8433caa9e4a1eb20503495709f697341ac1a8ee6a3c906ad/coverage-7.6.10-cp313-cp313t-macosx_11_0_arm64.whl", hash = "sha256:0c807ca74d5a5e64427c8805de15b9ca140bba13572d6d74e262f46f50b13273", size = 209321, upload-time = "2024-12-26T16:58:34.509Z" },
    { url = "https://files.pythonhosted.org/packages/85/7d/125a5362180fcc1c03d91850fc020f3831d5cda09319522bcfa6b2b70be7/coverage-7.6.10-cp313-cp313t-manylinux_2_17_aarch64.manylinux2014_aarch64.whl", hash = "sha256:2bcfa46d7709b5a7ffe089075799b902020b62e7ee56ebaed2f4bdac04c508d8", size = 252039, upload-time = "2024-12-26T16:58:36.072Z" },
    { url = "https://files.pythonhosted.org/packages/a9/9c/4358bf3c74baf1f9bddd2baf3756b54c07f2cfd2535f0a47f1e7757e54b3/coverage-7.6.10-cp313-cp313t-manylinux_2_5_i686.manylinux1_i686.manylinux_2_17_i686.manylinux2014_i686.whl", hash = "sha256:4e0de1e902669dccbf80b0415fb6b43d27edca2fbd48c74da378923b05316098", size = 247758, upload-time = "2024-12-26T16:58:39.458Z" },
    { url = "https://files.pythonhosted.org/packages/cf/c7/de3eb6fc5263b26fab5cda3de7a0f80e317597a4bad4781859f72885f300/coverage-7.6.10-cp313-cp313t-manylinux_2_5_x86_64.manylinux1_x86_64.manylinux_2_17_x86_64.manylinux2014_x86_64.whl", hash = "sha256:3f7b444c42bbc533aaae6b5a2166fd1a797cdb5eb58ee51a92bee1eb94a1e1cb", size = 250119, upload-time = "2024-12-26T16:58:41.018Z" },
    { url = "https://files.pythonhosted.org/packages/3e/e6/43de91f8ba2ec9140c6a4af1102141712949903dc732cf739167cfa7a3bc/coverage-7.6.10-cp313-cp313t-musllinux_1_2_aarch64.whl", hash = "sha256:b330368cb99ef72fcd2dc3ed260adf67b31499584dc8a20225e85bfe6f6cfed0", size = 249597, upload-time = "2024-12-26T16:58:42.827Z" },
    { url = "https://files.pythonhosted.org/packages/08/40/61158b5499aa2adf9e37bc6d0117e8f6788625b283d51e7e0c53cf340530/coverage-7.6.10-cp313-cp313t-musllinux_1_2_i686.whl", hash = "sha256:9a7cfb50515f87f7ed30bc882f68812fd98bc2852957df69f3003d22a2aa0abf", size = 247473, upload-time = "2024-12-26T16:58:44.486Z" },
    { url = "https://files.pythonhosted.org/packages/50/69/b3f2416725621e9f112e74e8470793d5b5995f146f596f133678a633b77e/coverage-7.6.10-cp313-cp313t-musllinux_1_2_x86_64.whl", hash = "sha256:6f93531882a5f68c28090f901b1d135de61b56331bba82028489bc51bdd818d2", size = 248737, upload-time = "2024-12-26T16:58:45.919Z" },
    { url = "https://files.pythonhosted.org/packages/3c/6e/fe899fb937657db6df31cc3e61c6968cb56d36d7326361847440a430152e/coverage-7.6.10-cp313-cp313t-win32.whl", hash = "sha256:89d76815a26197c858f53c7f6a656686ec392b25991f9e409bcef020cd532312", size = 211611, upload-time = "2024-12-26T16:58:47.883Z" },
    { url = "https://files.pythonhosted.org/packages/1c/55/52f5e66142a9d7bc93a15192eba7a78513d2abf6b3558d77b4ca32f5f424/coverage-7.6.10-cp313-cp313t-win_amd64.whl", hash = "sha256:54a5f0f43950a36312155dae55c505a76cd7f2b12d26abeebbe7a0b36dbc868d", size = 212781, upload-time = "2024-12-26T16:58:50.822Z" },
]

[[package]]
name = "django"
version = "6.1.1"
source = { registry = "https://pypi.org/simple" }
dependencies = [
    { name = "asgiref" },
    { name = "sqlparse" },
    { name = "tzdata", marker = "sys_platform == 'win32'" },
]
sdist = { url = "https://files.pythonhosted.org/packages/f8/d4/8314b5bdef20832f0ac6ae3b3e4d4924e4759fa3b4af27609dd747e7a6be/django-6.1.1.tar.gz", hash = "sha256:7ab93536d8e677aa14554c56426290c69480bf2ee68d7513d4a22f57d6bfeb84", size = 11284905, upload-time = "2026-09-02T17:20:45.621Z" }
wheels = [
    { url = "https://files.pythonhosted.org/packages/8d/ca/c1040a4fd15754ede7df15fd72fc2e123045b473b253ab5f5284e11c651e/django-6.1.1-py3-none-any.whl", hash = "sha256:585fb82bf15053c42cf52e67c2f1b54a032dca384759315fd6678ab1870d1d72", size = 8419512, upload-time = "2026-09-02T17:20:39.153Z" },
]

[[package]]
name = "django-termsandconditions"
version = "3.0.0"
source = { editable = "." }
dependencies = [
    { name = "django" },
]

[package.dev-dependencies]
dev = [
    { name = "coverage" },
    { name = "ruff" },
    { name = "uv" },
]

[package.metadata]
requires-dist = [{ name = "django", specifier = ">=5.2" }]

[package.metadata.requires-dev]
dev = [
    { name = "coverage", extras = ["toml"], specifier = "~=7.6" },
    { name = "ruff", specifier = ">=0.16,<0.17" },
    { name = "uv", specifier = ">=0.5" },
]

[[package]]
name = "ruff"
version = "0.16.10"
source = { registry = "https://pypi.org/simple" }
sdist = { url = "https://files.pythonhosted.org/packages/c4/49/23802c45f093eb14bde54b141d2b2f058edfa63a06db7beed047308cc08f/ruff-0.16.10.tar.gz", hash = "sha256:eff4728c4eaae93f0955cd264d24b2ab348e74bf59986ccf282ba6dc16b3b017", size = 4958724, upload-time = "2026-10-01T18:03:21.697Z" }
wheels = [
    { url = "https://files.pythonhosted.org/packages/2f/21/ebce22e1d90cdb2cd691026b9c6e9bec6499f0b396089481755b5d49efff/ruff-0.16.10-py3-none-linux_armv6l.whl", hash = "sha256:488b0fe3f3574210e5cf80d9f59b9e3ab17a127a8155de3f307b392589cfb511", size = 10095557, upload-time = "2026-10-01T18:02:36.072Z" },
    { url = "https://files.pythonhosted.org/packages/cb/98/a54de85876a8b2612bfa0d84c7b9abfb39c6a3354aee7800b09c1649b9e3/ruff-0.16.10-py3-none-macosx_10_12_x86_64.whl", hash = "sha256:e748ff95c934c4e978783b8e687bc174e7bd84e8ad24e3243e1ecfcda5e0282d", size = 10340577, upload-time = "2026-10-01T18:02:39.258Z" },
    { url = "https://files.pythonhosted.org/packages/9f/16/1a5a4a2657effe4806110f2b907313802f1367fcdbb29e8122766e407fab/ruff-0.16.10-py3-none-macosx_11_0_arm64.whl", hash = "sha256:3031a4a2e8e7b8a46f70be45f198c35a11ece509a94b80334d8d397a33c67550", size = 9774282, upload-time = "2026-10-01T18:02:41.79Z" },
    { url = "https://files.pythonhosted.org/packages/6e/fb/470085af734da396e68cd80fb0a3e7c109a459716ae59588c0f6fab8a17d/ruff-0.16.10-py3-none-manylinux_2_17_aarch64.manylinux2014_aarch64.whl", hash = "sha256:494401c86df4c4c25f69b9419605d944467ee98c42fb6ad405ef4fa40b8fb67d", size = 9920895, upload-time = "2026-10-01T18:02:44.458Z" },
    { url = "https://files.pythonhosted.org/packages/57/de/f10cffe4f88a37ea6615ec460f01bf76f0bc1477737a35d9ee61a630a78b/ruff-0.16.10-py3-none-manylinux_2_17_armv7l.manylinux2014_armv7l.whl", hash = "sha256:d203abc0ff2b773ee33d00ab8df0bb67046fbc7c07b119332f08b9b345cf8221", size = 9902707, upload-time = "2026-10-01T18:02:47.041Z" },
    { url = "https://files.pythonhosted.org/packages/ff/44/3fdcedf83ae60ef837dd239170e480dce606a9142cfa2db911afdf855fd9/ruff-0.16.10-py3-none-manylinux_2_17_i686.manylinux2014_i686.whl", hash = "sha256:bd83d1235a5258d318477bc5b576303974cbdef5df0c01a1bff14efcc23bd12a", size = 10619287, upload-time = "2026-10-01T18:02:49.485Z" },
    { url = "https://files.pythonhosted.org/packages/c1/62/02e76a5574002153618eafbb70e159468addc72a5d2c488e65cbb4639d2d/ruff-0.16.10-py3-none-manylinux_2_17_ppc64le.manylinux2014_ppc64le.whl", hash = "sha256:bc2610fb269fa56dd8a68669ae470fa6272902668c0fc2ebc3aa112b2633d5b8", size = 11339942, upload-time = "2026-10-01T18:02:52.008Z" },
    { url = "https://files.pythonhosted.org/packages/6b/c4/cde27d47ad8d4126c587e608c67c46e7feac11763f606d261a1bc8a489e6/ruff-0.16.10-py3-none-manylinux_2_17_s390x.manylinux2014_s390x.whl", hash = "sha256:3e70175e29cc94c26ea296c80e470180b744b7419026898e58f520c6ab32578e", size = 10934316, upload-time = "2026-10-01T18:02:54.811Z" },
    { url = "https://files.pythonhosted.org/packages/e4/03/17234145f302a645a123e8c3bb2411ecf4669fbc350de3b0d803230a1729/ruff-0.16.10-py3-none-manylinux_2_17_x86_64.manylinux2014_x86_64.whl", hash = "sha256:f33f43a864a8483eebd160e713336c8bab02c934feaff0a33cf5ccb41546d09a", size = 10387968, upload-time = "2026-10-01T18:02:57.497Z" },
    { url = "https://files.pythonhosted.org/packages/71/29/2493af60240ee7644b38a4b821f5f9c3b5a4fa3178770fe1d0c685217395/ruff-0.16.10-py3-none-manylinux_2_31_riscv64.whl", hash = "sha256:1dfc6f0088149fb6a362c1c446bcbb3fd2157b3852fe2fa68409276eab9ad9b3", size = 10537906, upload-time = "2026-10-01T18:03:00.006Z" },
    { url = "https://files.pythonhosted.org/packages/2e/9a/f56b28f3b143bb9e518c34fb89ab191b626bca8b70dbf8af0d2e2d473572/ruff-0.16.10-py3-none-musllinux_1_2_aarch64.whl", hash = "sha256:6553498afc35f580f036030795810b9e6bcea31604b0fd9e8d352795473042e3", size = 10012938, upload-time = "2026-10-01T18:03:03.006Z" },
    { url = "https://files.pythonhosted.org/packages/c2/c4/fca37362848ea4d4d80712df13632e645e7c7cfb1bdedf140699ac7a090b/ruff-0.16.10-py3-none-musllinux_1_2_armv7l.whl", hash = "sha256:a3b8471dea115d37f123882be852bed13403746d3a76c11de4a19ec5f9ff5a03", size = 9897945, upload-time = "2026-10-01T18:03:05.818Z" },
    { url = "https://files.pythonhosted.org/packages/7d/c7/e0bc57664d6e0c61fd22f620af260fe9662d7e1ddb320ea7f160e76ef165/ruff-0.16.10-py3-none-musllinux_1_2_i686.whl", hash = "sha256:92e59a70bcbd9d3a5483656da906ec28edfdacfce00afd99edb8b4e9d15644be", size = 10333134, upload-time = "2026-10-01T18:03:08.25Z" },
    { url = "https://files.pythonhosted.org/packages/21/aa/5c9f3b68737c0e4a33a1db5dfab44f7b786d96ca91a7233112ddab1e6dc2/ruff-0.16.10-py3-none-musllinux_1_2_x86_64.whl", hash = "sha256:7ae7375f803b5520dc9f546bed7e3a0acb70b91812e9bb4b19927de22f25b77d", size = 10741702, upload-time = "2026-10-01T18:03:10.775Z" },
    { url = "https://files.pythonhosted.org/packages/78/fa/0f9c2020dc316c53d983be011720b8157cc052b97e3f4dfa7db6d0f880a6/ruff-0.16.10-py3-none-win32.whl", hash = "sha256:2a12e01cb9156c10c466f63b46eaae5ecea28dfbd21b5836353ae498e7d1349a", size = 10139176, upload-time = "2026-10-01T18:03:13.267Z" },
    { url = "https://files.pythonhosted.org/packages/99/29/cfb0df9448d4d4ad48c2de029ada9ebd71baa6da983a6c77ee6c6cd0fe82/ruff-0.16.10-py3-none-win_amd64.whl", hash = "sha256:97f2015c92aa97105b0eab19eb5d224884399281cfc5da86a92db4ab5e7fb2ca", size = 10584734, upload-time = "2026-10-01T18:03:16.006Z" },
    { url = "https://files.pythonhosted.org/packages/fc/05/c16957eb287c3fc062e032619a25868d93d408a844b725bcf514f7a378ff/ruff-0.16.10-py3-none-win_arm64.whl", hash = "sha256:25a65fe998c4e6861ec079ada5826a2fc605e6cbccbe9dcd7fac1f54e791621b", size = 10366440, upload-time = "2026-10-01T18:03:19.04Z" },
]

[[package]]
name = "sqlparse"
version = "0.6.0"
source = { registry = "https://pypi.org/simple" }
sdist = { url = "https://files.pythonhosted.org/packages/5f/d3/3f06a1006f2261d1342aefb3c71eed02f5d4ca5bdbecd86ebc12ad38306e/sqlparse-0.6.0.tar.gz", hash = "sha256:113c35c75365ab9cc9c7231d68c6428fb11c085fc8e9eb1ad659b7ddbf6cd2b9", size = 178477, upload-time = "2026-08-13T19:16:06.396Z" }
wheels = [
    { url = "https://files.pythonhosted.org/packages/d9/50/f00935da0ec7cbf325f8dc4f772ae46fbc7b672dd62876e73f0a94adda57/sqlparse-0.6.0-py3-none-any.whl", hash = "sha256:b861c0288ce2fa56209a9a6412d2e066ac664b3873b89c26c9d8415e8e32996f", size = 50070, upload-time = "2026-08-13T19:16:04.062Z" },
]

[[package]]
name = "tzdata"
version = "2024.2"
source = { registry = "https://pypi.org/simple" }
sdist = { url = "https://files.pythonhosted.org/packages/e1/34/943888654477a574a86a98e9896bae89c7aa15078ec29f490fef2f1e5384/tzdata-2024.2.tar.gz", hash = "sha256:7d85cc416e9382e69095b7bdf4afd9e3880418a2413feec7069d533d6b4e31cc", size = 193282, upload-time = "2024-09-23T18:56:46.89Z" }
wheels = [
    { url = "https://files.pythonhosted.org/packages/a6/ab/7e5f53c3b9d14972843a647d8d7a853969a58aecc7559cb3267302c94774/tzdata-2024.2-py2.py3-none-any.whl", hash = "sha256:a48093786cdcde33cad18c2555e8532f34422074448fbc874186f0abd79565cd", size = 346586, upload-time = "2024-09-23T18:56:45.478Z" },
]

[[package]]
name = "uv"
version = "0.12.22"
source = { registry = "https://pypi.org/simple" }
sdist = { url = "https://files.pythonhosted.org/packages/88/60/22b731e4b3e6bfb7ea41fc7c0ace0acd740f92d4aaec5106bce1486dab3c/uv-0.12.22.tar.gz", hash = "sha256:40f6afd2a67d7ad0c58d7a05e9c0a58a30d333e924e3b9e9941af19bd044326a", size = 7169620, upload-time = "2026-10-02T00:17:28.742Z" }
wheels = [
    { url = "https://files.pythonhosted.org/packages/ed/3d/f5f00c69b70a01631a40f5fd76539da5db6bcf5a367e34badfa094bf77a9/uv-0.12.22-py3-none-linux_armv6l.whl", hash = "sha256:3e1e70abbeeb85ad6589e9b8c2cee2785782a26ec220705b60ac8d3d802deb83", size = 22741688, upload-time = "2026-10-02T00:16:32.58Z" },
    { url = "https://files.pythonhosted.org/packages/4e/91/e1a20a1ed3aacbaae212cf827d05197dd65f8119f29fcddc8df167a9c98a/uv-0.12.22-py3-none-macosx_10_12_x86_64.whl", hash = "sha256:0247b8795348fe16fec7d143b2e4d91a953e69644993a557bb5238b9f53b6a28", size = 21435736, upload-time = "2026-10-02T00:16:35.646Z" },
    { url = "https://files.pythonhosted.org/packages/1d/89/f147b5070d243f4fa5502c82ba9ec0194fa2bc01ebe3d61445e3710cb33d/uv-0.12.22-py3-none-macosx_11_0_arm64.whl", hash = "sha256:72516e1edef5950b556bdaf3b382f537e4249e06362378daa811a6eefc165a14", size = 17131195, upload-time = "2026-10-02T00:16:38.412Z" },
    { url = "https://files.pythonhosted.org/packages/d0/ba/2d03d27e791f822cc6889b5d71cb6223136aaa6e3897ef01d923294148b2/uv-0.12.22-py3-none-manylinux_2_17_aarch64.manylinux2014_aarch64.musllinux_1_1_aarch64.whl", hash = "sha256:972cb556d34372f4c19f5c8bba246c92c5a8bfda3f30b2a5b8e12fddd81ba441", size = 22169247, upload-time = "2026-10-02T00:16:42.005Z" },
    { url = "https://files.pythonhosted.org/packages/cc/d3/89379a7d9c9d57bcf36441a6e9b43a147e96ed62f3f5b7cb95ee2185d920/uv-0.12.22-py3-none-manylinux_2_17_armv7l.manylinux2014_armv7l.musllinux_1_1_armv7l.whl", hash = "sha256:0621be2adfedf7673e46a708b1c781b0e4c61e715e33b3196ad32afffcc5aef6", size = 22238450, upload-time = "2026-10-02T00:16:45.262Z" },
    { url = "https://files.pythonhosted.org/packages/76/00/c491f1f156d269d80a1bb64e2957d21f1bd7f6df9b6502cfd2f36b883ece/uv-0.12.22-py3-none-manylinux_2_17_armv7l.manylinux2014_armv7l.whl", hash = "sha256:53992ea1a64344bc887e3aec8d016488b9f185d96d881ea8e4e2a8ab0a259a39", size = 22269643, upload-time = "2026-10-02T00:16:48.149Z" },
    { url = "https://files.pythonhosted.org/packages/ee/ae/90c45c04ca92fc7e6b88ab1e0667d1fc88d437dd8f087bdc7638962c1ee3/uv-0.12.22-py3-none-manylinux_2_17_i686.manylinux2014_i686.whl", hash = "sha256:82911ca7a8310181f382a8f614f00a45f0403561e2aa92aa135c1fa773b0fc44", size = 23118309, upload-time = "2026-10-02T00:16:51.32Z" },
    { url = "https://files.pythonhosted.org/packages/04/04/3761882501777af81d6d7fc218e84785d94b0db41a0c83c78a4cddb279df/uv-0.12.22-py3-none-manylinux_2_17_ppc64le.manylinux2014_ppc64le.whl", hash = "sha256:db53a974617ca520cfdbf95fbbcd9cf5ab95016d601c1ecf788295c01053b8d6", size = 24339615, upload-time = "2026-10-02T00:16:54.459Z" },
    { url = "https://files.pythonhosted.org/packages/33/81/af3739dec358559a6ebbb6332dd560f0dc09e21a49f6cce62b7d730725bf/uv-0.12.22-py3-none-manylinux_2_17_s390x.manylinux2014_s390x.whl", hash = "sha256:6acf7c5e4c28075c074a104953d61f48fef05e0075d9eb4180e5e6430e4eacfa", size = 23999149, upload-time = "2026-10-02T00:16:57.84Z" },
    { url = "https://files.pythonhosted.org/packages/7a/b0/4cceeef80da0e8627bf3afb628930d5ea8e857f9c2aacbcda8598a5b82aa/uv-0.12.22-py3-none-manylinux_2_17_x86_64.manylinux2014_x86_64.whl", hash = "sha256:680769ef701922dd93426b73476073411941f51ac46991a6e5c5a6efbf68a713", size = 20587257, upload-time = "2026-10-02T00:17:00.91Z" },
    { url = "https://files.pythonhosted.org/packages/a6/0a/10b6bd5f98c243fe46df223186e4ced966c8c837fc2947da1b0464b959b0/uv-0.12.22-py3-none-manylinux_2_28_aarch64.whl", hash = "sha256:04af20f84c122039c16a006b497ea25d4850543b3ac2bd879d96d36d9890bebc", size = 19826142, upload-time = "2026-10-02T00:17:03.93Z" },
    { url = "https://files.pythonhosted.org/packages/69/7f/9a6b82e0471582e8ffb7419c055d7cf6f12923c8d77898bce829e7d60075/uv-0.12.22-py3-none-manylinux_2_31_riscv64.musllinux_1_1_riscv64.whl", hash = "sha256:699c673c780037e19a623dd66d00c12853def679b5c8f383359012d582721870", size = 22685136, upload-time = "2026-10-02T00:17:07.207Z" },
    { url = "https://files.pythonhosted.org/packages/18/ab/72e99db52090241395349d59bb750b04505b9b5221a8617b054db7640bd8/uv-0.12.22-py3-none-manylinux_2_31_riscv64.whl", hash = "sha256:02774878a9c0ddc374ff1cdb7fc2dee5cd499307223c2d2f0a730274b5794546", size = 22814440, upload-time = "2026-10-02T00:17:10.372Z" },
    { url = "https://files.pythonhosted.org/packages/06/13/58b59a35c7d175fe8bd24c564710623331bedc5d750942155d4d1ea749dc/uv-0.12.22-py3-none-musllinux_1_1_i686.whl", hash = "sha256:cbfc9dab909f0e7fec63ae13e4215abd53636a5424aabc988fd4974ea124a3ad", size = 22231599, upload-time = "2026-10-02T00:17:13.564Z" },
    { url = "https://files.pythonhosted.org/packages/fc/78/d690e99b010464713adebd5df6b4f3332a46f0eb204631ba911b9f765da9/uv-0.12.22-py3-none-musllinux_1_1_x86_64.whl", hash = "sha256:31096da4ffd7d532909e046cf8acb606ad8e770019404b710a58310bec073119", size = 23480001, upload-time = "2026-10-02T00:17:16.719Z" },
    { url = "https://files.pythonhosted.org/packages/97/7b/191c13864e22cefaa668d2064f574c8c97c0e9669488d60ef308aa0b9e74/uv-0.12.22-py3-none-win32.whl", hash = "sha256:992956578af9ec09d9c9d8967527dcf43e07b43dea8aecba74a20d37087feeb2", size = 20089438, upload-time = "2026-10-02T00:17:19.84Z" },
    { url = "https://files.pythonhosted.org/packages/c0/a4/2cc0b670ac86d2cce4758126f06cc44a821a7d289e1cc73bbb485d77f135/uv-0.12.22-py3-none-win_amd64.whl", hash = "sha256:1c45b1e544901b9eef14806ad964cd1aca49338748e3d8030e41c4aed8b17b00", size = 18114353, upload-time = "2026-10-02T00:17:23.278Z" },
    { url = "https://files.pythonhosted.org/packages/d6/4b/55d7310bff10a2c92c619d610e1c4c26a44bc47b633e54aef8f7b95b3332/uv-0.12.22-py3-none-win_arm64.whl", hash = "sha256:daff5ceafdee5cb268b6d4e991ea150fcad5dff72b97d3e5b84d78d04fcf8482", size = 19172683, upload-time = "2026-10-02T00:17:26.219Z" },
]
